
Microsoft Visual Studio Solution File, Format Version 12.00
# Visual Studio 15
Project("{FAE04EC0-301F-11D3-BF4B-00C04F79EFBC}") = "TrainBaseV2", "TrainBaseV2.csproj", "{F757F7E4-A3B4-F624-1CE1-F7D9725D9530}"
EndProject
Project("{FAE04EC0-301F-11D3-BF4B-00C04F79EFBC}") = "TrainBaseV2.Plugins", "TrainBaseV2.Plugins.csproj", "{4965F307-5169-D78F-DE40-EF6A6AFBE630}"
EndProject
Global
	GlobalSection(SolutionConfigurationPlatforms) = preSolution
		Debug|Any CPU = Debug|Any CPU
		Release|Any CPU = Release|Any CPU
	EndGlobalSection
	GlobalSection(ProjectConfigurationPlatforms) = postSolution
		{F757F7E4-A3B4-F624-1CE1-F7D9725D9530}.Debug|Any CPU.ActiveCfg = Debug|Any CPU
		{F757F7E4-A3B4-F624-1CE1-F7D9725D9530}.Debug|Any CPU.Build.0 = Debug|Any CPU
		{F757F7E4-A3B4-F624-1CE1-F7D9725D9530}.Release|Any CPU.ActiveCfg = Release|Any CPU
		{F757F7E4-A3B4-F624-1CE1-F7D9725D9530}.Release|Any CPU.Build.0 = Release|Any CPU
		{4965F307-5169-D78F-DE40-EF6A6AFBE630}.Debug|Any CPU.ActiveCfg = Debug|Any CPU
		{4965F307-5169-D78F-DE40-EF6A6AFBE630}.Debug|Any CPU.Build.0 = Debug|Any CPU
		{4965F307-5169-D78F-DE40-EF6A6AFBE630}.Release|Any CPU.ActiveCfg = Release|Any CPU
		{4965F307-5169-D78F-DE40-EF6A6AFBE630}.Release|Any CPU.Build.0 = Release|Any CPU
	EndGlobalSection
	GlobalSection(SolutionProperties) = preSolution
		HideSolutionNode = FALSE
	EndGlobalSection
EndGlobal
